{
  "name": "@ownyourdata/did-resolver-oyd",
  "version": "0.0.1",
  "lockfileVersion": 2,
  "requires": true,
  "packages": {
    "": {
      "name": "@ownyourdata/did-resolver-oyd",
      "version": "0.0.1",
      "license": "MIT",
      "dependencies": {
        "did-resolver": "^4.1.0",
        "oydid-did-resolver": "^0.2.0"
      }
    },
    "node_modules/axios": {
      "version": "0.24.0",
      "resolved": "https://registry.npmjs.org/axios/-/axios-0.24.0.tgz",
      "integrity": "sha512-Q6cWsys88HoPgAaFAVUb0WpPk0O8iTeisR9IMqy9G8AbO4NlpVknrnQS03zzF9PGAWgO3cgletO3VjV/P7VztA==",
      "dependencies": {
        "follow-redirects": "^1.14.4"
      }
    },
    "node_modules/did-resolver": {
      "version": "4.1.0",
      "resolved": "https://registry.npmjs.org/did-resolver/-/did-resolver-4.1.0.tgz",
      "integrity": "sha512-S6fWHvCXkZg2IhS4RcVHxwuyVejPR7c+a4Go0xbQ9ps5kILa8viiYQgrM4gfTyeTjJ0ekgJH9gk/BawTpmkbZA=="
    },
    "node_modules/follow-redirects": {
      "version": "1.15.2",
      "resolved": "https://registry.npmjs.org/follow-redirects/-/follow-redirects-1.15.2.tgz",
      "integrity": "sha512-VQLG33o04KaQ8uYi2tVNbdrWp1QWxNNea+nmIB4EVM28v0hmP17z7aG1+wAkNzVq4KeXTq3221ye5qTJP91JwA==",
      "funding": [
        {
          "type": "individual",
          "url": "https://github.com/sponsors/RubenVerborgh"
        }
      ],
      "engines": {
        "node": ">=4.0"
      },
      "peerDependenciesMeta": {
        "debug": {
          "optional": true
        }
      }
    },
    "node_modules/oydid-did-resolver": {
      "version": "0.2.0",
      "resolved": "https://registry.npmjs.org/oydid-did-resolver/-/oydid-did-resolver-0.2.0.tgz",
      "integrity": "sha512-beiqi18qFECrs2HwdmVo2lmdv8KR0TXOCAazg+lMc8hOZFq/R+vvomAzim5UqzQE/xRS13LGEWMGwruxs+BWug==",
      "dependencies": {
        "axios": "^0.24.0"
      }
    }
  },
  "dependencies": {
    "axios": {
      "version": "0.24.0",
      "resolved": "https://registry.npmjs.org/axios/-/axios-0.24.0.tgz",
      "integrity": "sha512-Q6cWsys88HoPgAaFAVUb0WpPk0O8iTeisR9IMqy9G8AbO4NlpVknrnQS03zzF9PGAWgO3cgletO3VjV/P7VztA==",
      "requires": {
        "follow-redirects": "^1.14.4"
      }
    },
    "did-resolver": {
      "version": "4.1.0",
      "resolved": "https://registry.npmjs.org/did-resolver/-/did-resolver-4.1.0.tgz",
      "integrity": "sha512-S6fWHvCXkZg2IhS4RcVHxwuyVejPR7c+a4Go0xbQ9ps5kILa8viiYQgrM4gfTyeTjJ0ekgJH9gk/BawTpmkbZA=="
    },
    "follow-redirects": {
      "version": "1.15.2",
      "resolved": "https://registry.npmjs.org/follow-redirects/-/follow-redirects-1.15.2.tgz",
      "integrity": "sha512-VQLG33o04KaQ8uYi2tVNbdrWp1QWxNNea+nmIB4EVM28v0hmP17z7aG1+wAkNzVq4KeXTq3221ye5qTJP91JwA=="
    },
    "oydid-did-resolver": {
      "version": "0.2.0",
      "resolved": "https://registry.npmjs.org/oydid-did-resolver/-/oydid-did-resolver-0.2.0.tgz",
      "integrity": "sha512-beiqi18qFECrs2HwdmVo2lmdv8KR0TXOCAazg+lMc8hOZFq/R+vvomAzim5UqzQE/xRS13LGEWMGwruxs+BWug==",
      "requires": {
        "axios": "^0.24.0"
      }
    }
  }
}
